<?xml version="1.0" encoding="utf-8"?>
<Project ToolsVersion="4.0" xmlns="http://schemas.microsoft.com/developer/msbuild/2003">
  <ItemGroup>
    <Filter Include="Source Files">
      <UniqueIdentifier>{4FC737F1-C7A5-4376-A066-2A32D752A2FF}</UniqueIdentifier>
      <Extensions>cpp;c;cc;cxx;c++;cppm;ixx;def;odl;idl;hpj;bat;asm;asmx</Extensions>
    </Filter>
    <Filter Include="Header Files">
      <UniqueIdentifier>{93995380-89BD-4b04-88EB-625FBE52EBFB}</UniqueIdentifier>
      <Extensions>h;hh;hpp;hxx;h++;hm;inl;inc;ipp;xsd</Extensions>
    </Filter>
    <Filter Include="Resource Files">
      <UniqueIdentifier>{67DA6AB6-F800-4c08-8B7A-83BB121AAD01}</UniqueIdentifier>
      <Extensions>rc;ico;cur;bmp;dlg;rc2;rct;bin;rgs;gif;jpg;jpeg;jpe;resx;tiff;tif;png;wav;mfcribbon-ms</Extensions>
    </Filter>
  </ItemGroup>
  <ItemGroup>
    <ClCompile Include="Source\Test\Harness.cpp">
      <Filter>Source Files</Filter>
    </ClCompile>
    <ClCompile Include="Source\Test\TestCase.cpp">
      <Filter>Source Files</Filter>
    </ClCompile>
    <ClCompile Include="Source\Test\Utilities.cpp">
      <Filter>Source Files</Filter>
    </ClCompile>
    <ClCompile Include="Source\Globals.cpp">
      <Filter>Source Files</Filter>
    </ClCompile>
    <ClCompile Include="Source\Message.cpp">
      <Filter>Source Files</Filter>
    </ClCompile>
    <ClCompile Include="Source\Strings.cpp">
      <Filter>Source Files</Filter>
    </ClCompile>
    <ClCompile Include="Source\TemporaryBuffer.cpp">
      <Filter>Source Files</Filter>
    </ClCompile>
    <ClCompile Include="Source\Test\Case\StringsTest.cpp">
      <Filter>Source Files</Filter>
    </ClCompile>
    <ClCompile Include="Source\Resolver.cpp">
      <Filter>Source Files</Filter>
    </ClCompile>
    <ClCompile Include="Source\Test\Case\ResolverTest.cpp">
      <Filter>Source Files</Filter>
    </ClCompile>
    <ClCompile Include="Source\Test\Case\FilesystemRuleTest.cpp">
      <Filter>Source Files</Filter>
    </ClCompile>
    <ClCompile Include="Source\FilesystemRule.cpp">
      <Filter>Source Files</Filter>
    </ClCompile>
    <ClCompile Include="Source\FilesystemDirector.cpp">
      <Filter>Source Files</Filter>
    </ClCompile>
    <ClCompile Include="Source\Test\Case\FilesystemDirectorBuilderTest.cpp">
      <Filter>Source Files</Filter>
    </ClCompile>
    <ClCompile Include="Source\Test\MockFilesystemOperations.cpp">
      <Filter>Source Files</Filter>
    </ClCompile>
    <ClCompile Include="Source\Test\Case\PrefixTreeTest.cpp">
      <Filter>Source Files</Filter>
    </ClCompile>
    <ClCompile Include="Source\FilesystemDirectorBuilder.cpp">
      <Filter>Source Files</Filter>
    </ClCompile>
    <ClCompile Include="Source\Test\Case\FilesystemDirectorTest.cpp">
      <Filter>Source Files</Filter>
    </ClCompile>
    <ClCompile Include="Source\Configuration.cpp">
      <Filter>Source Files</Filter>
    </ClCompile>
    <ClCompile Include="Source\PathwinderConfigReader.cpp">
      <Filter>Source Files</Filter>
    </ClCompile>
    <ClCompile Include="Source\Test\Case\PathwinderConfigReaderTest.cpp">
      <Filter>Source Files</Filter>
    </ClCompile>
    <ClCompile Include="Source\ApiWindows.cpp">
      <Filter>Source Files</Filter>
    </ClCompile>
    <ClCompile Include="Source\FileInformationStruct.cpp">
      <Filter>Source Files</Filter>
    </ClCompile>
    <ClCompile Include="Source\DirectoryOperationQueue.cpp">
      <Filter>Source Files</Filter>
    </ClCompile>
    <ClCompile Include="Source\Test\Case\FileInformationStructTest.cpp">
      <Filter>Source Files</Filter>
    </ClCompile>
    <ClCompile Include="Source\Test\Case\DirectoryOperationQueueTest.cpp">
      <Filter>Source Files</Filter>
    </ClCompile>
    <ClCompile Include="Source\Test\MockDirectoryOperationQueue.cpp">
      <Filter>Source Files</Filter>
    </ClCompile>
    <ClCompile Include="Source\OpenHandleStore.cpp">
      <Filter>Source Files</Filter>
    </ClCompile>
    <ClCompile Include="Source\FilesystemExecutor.cpp">
      <Filter>Source Files</Filter>
    </ClCompile>
    <ClCompile Include="Source\Test\Case\OpenHandleStoreTest.cpp">
      <Filter>Source Files</Filter>
    </ClCompile>
    <ClCompile Include="Source\Test\Case\FilesystemExecutorTest.cpp">
      <Filter>Source Files</Filter>
    </ClCompile>
    <ClCompile Include="Source\ThreadPool.cpp">
      <Filter>Source Files</Filter>
    </ClCompile>
    <ClCompile Include="Source\Test\Case\ThreadPoolTest.cpp">
      <Filter>Source Files</Filter>
    </ClCompile>
  </ItemGroup>
  <ItemGroup>
    <ClInclude Include="Include\Pathwinder\Test\Harness.h">
      <Filter>Header Files</Filter>
    </ClInclude>
    <ClInclude Include="Include\Pathwinder\Test\TestCase.h">
      <Filter>Header Files</Filter>
    </ClInclude>
    <ClInclude Include="Include\Pathwinder\Test\Utilities.h">
      <Filter>Header Files</Filter>
    </ClInclude>
    <ClInclude Include="Resources\Pathwinder.h">
      <Filter>Header Files</Filter>
    </ClInclude>
    <ClInclude Include="Include\Pathwinder\Internal\Globals.h">
      <Filter>Header Files</Filter>
    </ClInclude>
    <ClInclude Include="Include\Pathwinder\Internal\Message.h">
      <Filter>Header Files</Filter>
    </ClInclude>
    <ClInclude Include="Include\Pathwinder\Internal\Strings.h">
      <Filter>Header Files</Filter>
    </ClInclude>
    <ClInclude Include="Include\Pathwinder\Internal\TemporaryBuffer.h">
      <Filter>Header Files</Filter>
    </ClInclude>
    <ClInclude Include="Include\Pathwinder\Internal\ValueOrError.h">
      <Filter>Header Files</Filter>
    </ClInclude>
    <ClInclude Include="Include\Pathwinder\Internal\Resolver.h">
      <Filter>Header Files</Filter>
    </ClInclude>
    <ClInclude Include="Include\Pathwinder\Internal\FilesystemRule.h">
      <Filter>Header Files</Filter>
    </ClInclude>
    <ClInclude Include="Include\Pathwinder\Internal\FilesystemDirector.h">
      <Filter>Header Files</Filter>
    </ClInclude>
    <ClInclude Include="Include\Pathwinder\Internal\FilesystemOperations.h">
      <Filter>Header Files</Filter>
    </ClInclude>
    <ClInclude Include="Include\Pathwinder\Test\MockFilesystemOperations.h">
      <Filter>Header Files</Filter>
    </ClInclude>
    <ClInclude Include="Include\Pathwinder\Test\MockFreeFunctionContext.h">
      <Filter>Header Files</Filter>
    </ClInclude>
    <ClInclude Include="Include\Pathwinder\Internal\DebugAssert.h">
      <Filter>Header Files</Filter>
    </ClInclude>
    <ClInclude Include="Include\Pathwinder\Internal\PrefixTree.h">
      <Filter>Header Files</Filter>
    </ClInclude>
    <ClInclude Include="Include\Pathwinder\Internal\FilesystemDirectorBuilder.h">
      <Filter>Header Files</Filter>
    </ClInclude>
    <ClInclude Include="Include\Pathwinder\Internal\PathwinderConfigReader.h">
      <Filter>Header Files</Filter>
    </ClInclude>
    <ClInclude Include="Include\Pathwinder\Internal\Configuration.h">
      <Filter>Header Files</Filter>
    </ClInclude>
    <ClInclude Include="Include\Pathwinder\Internal\ApiWindows.h">
      <Filter>Header Files</Filter>
    </ClInclude>
    <ClInclude Include="Include\Pathwinder\Internal\FilesystemInstruction.h">
      <Filter>Header Files</Filter>
    </ClInclude>
    <ClInclude Include="Include\Pathwinder\Internal\ApiBitSet.h">
      <Filter>Header Files</Filter>
    </ClInclude>
    <ClInclude Include="Include\Pathwinder\Internal\MutexWrapper.h">
      <Filter>Header Files</Filter>
    </ClInclude>
    <ClInclude Include="Include\Pathwinder\Internal\FileInformationStruct.h">
      <Filter>Header Files</Filter>
    </ClInclude>
    <ClInclude Include="Include\Pathwinder\Internal\BufferPool.h">
      <Filter>Header Files</Filter>
    </ClInclude>
    <ClInclude Include="Include\Pathwinder\Internal\DirectoryOperationQueue.h">
      <Filter>Header Files</Filter>
    </ClInclude>
    <ClInclude Include="Include\Pathwinder\Test\MockDirectoryOperationQueue.h">
      <Filter>Header Files</Filter>
    </ClInclude>
    <ClInclude Include="Include\Pathwinder\Internal\Iterator.h">
      <Filter>Header Files</Filter>
    </ClInclude>
    <ClInclude Include="Include\Pathwinder\Internal\ArrayList.h">
      <Filter>Header Files</Filter>
    </ClInclude>
    <ClInclude Include="Include\Pathwinder\Internal\FilesystemExecutor.h">
      <Filter>Header Files</Filter>
    </ClInclude>
    <ClInclude Include="Include\Pathwinder\Internal\OpenHandleStore.h">
      <Filter>Header Files</Filter>
    </ClInclude>
    <ClInclude Include="Include\Pathwinder\Internal\ThreadPool.h">
      <Filter>Header Files</Filter>
    </ClInclude>
  </ItemGroup>
  <ItemGroup>
    <ResourceCompile Include="Resources\Pathwinder.rc">
      <Filter>Resource Files</Filter>
    </ResourceCompile>
  </ItemGroup>
</Project>